# This file is generated by running "yarn install" inside your project.
# Manual changes might be lost - proceed with caution!

__metadata:
  version: 8
  cacheKey: 10c0

"@langchain/langgraph-sdk@npm:^0.0.60":
  version: 0.0.60
  resolution: "@langchain/langgraph-sdk@npm:0.0.60"
  dependencies:
    "@types/json-schema": "npm:^7.0.15"
    p-queue: "npm:^6.6.2"
    p-retry: "npm:4"
    uuid: "npm:^9.0.0"
  peerDependencies:
    "@langchain/core": ">=0.2.31 <0.4.0"
    react: ^18 || ^19
  peerDependenciesMeta:
    "@langchain/core":
      optional: true
    react:
      optional: true
  checksum: 10c0/9970854d6d81eb2697268f06c469bd102c82924e95f611651c27cf6a95c39a95b1a2c51816d39b0d9ffb73114472c98e32b2988e3c55445e35d06c7dc4c92260
  languageName: node
  linkType: hard

"@types/json-schema@npm:^7.0.15":
  version: 7.0.15
  resolution: "@types/json-schema@npm:7.0.15"
  checksum: 10c0/a996a745e6c5d60292f36731dd41341339d4eeed8180bb09226e5c8d23759067692b1d88e5d91d72ee83dfc00d3aca8e7bd43ea120516c17922cbcb7c3e252db
  languageName: node
  linkType: hard

"@types/retry@npm:0.12.0":
  version: 0.12.0
  resolution: "@types/retry@npm:0.12.0"
  checksum: 10c0/7c5c9086369826f569b83a4683661557cab1361bac0897a1cefa1a915ff739acd10ca0d62b01071046fe3f5a3f7f2aec80785fe283b75602dc6726781ea3e328
  languageName: node
  linkType: hard

"eventemitter3@npm:^4.0.4":
  version: 4.0.7
  resolution: "eventemitter3@npm:4.0.7"
  checksum: 10c0/5f6d97cbcbac47be798e6355e3a7639a84ee1f7d9b199a07017f1d2f1e2fe236004d14fa5dfaeba661f94ea57805385e326236a6debbc7145c8877fbc0297c6b
  languageName: node
  linkType: hard

"langgraph-studio-boilerplate@workspace:.":
  version: 0.0.0-use.local
  resolution: "langgraph-studio-boilerplate@workspace:."
  dependencies:
    "@langchain/langgraph-sdk": "npm:^0.0.60"
  languageName: unknown
  linkType: soft

"p-finally@npm:^1.0.0":
  version: 1.0.0
  resolution: "p-finally@npm:1.0.0"
  checksum: 10c0/6b8552339a71fe7bd424d01d8451eea92d379a711fc62f6b2fe64cad8a472c7259a236c9a22b4733abca0b5666ad503cb497792a0478c5af31ded793d00937e7
  languageName: node
  linkType: hard

"p-queue@npm:^6.6.2":
  version: 6.6.2
  resolution: "p-queue@npm:6.6.2"
  dependencies:
    eventemitter3: "npm:^4.0.4"
    p-timeout: "npm:^3.2.0"
  checksum: 10c0/5739ecf5806bbeadf8e463793d5e3004d08bb3f6177bd1a44a005da8fd81bb90f80e4633e1fb6f1dfd35ee663a5c0229abe26aebb36f547ad5a858347c7b0d3e
  languageName: node
  linkType: hard

"p-retry@npm:4":
  version: 4.6.2
  resolution: "p-retry@npm:4.6.2"
  dependencies:
    "@types/retry": "npm:0.12.0"
    retry: "npm:^0.13.1"
  checksum: 10c0/d58512f120f1590cfedb4c2e0c42cb3fa66f3cea8a4646632fcb834c56055bb7a6f138aa57b20cc236fb207c9d694e362e0b5c2b14d9b062f67e8925580c73b0
  languageName: node
  linkType: hard

"p-timeout@npm:^3.2.0":
  version: 3.2.0
  resolution: "p-timeout@npm:3.2.0"
  dependencies:
    p-finally: "npm:^1.0.0"
  checksum: 10c0/524b393711a6ba8e1d48137c5924749f29c93d70b671e6db761afa784726572ca06149c715632da8f70c090073afb2af1c05730303f915604fd38ee207b70a61
  languageName: node
  linkType: hard

"retry@npm:^0.13.1":
  version: 0.13.1
  resolution: "retry@npm:0.13.1"
  checksum: 10c0/9ae822ee19db2163497e074ea919780b1efa00431d197c7afdb950e42bf109196774b92a49fc9821f0b8b328a98eea6017410bfc5e8a0fc19c85c6d11adb3772
  languageName: node
  linkType: hard

"uuid@npm:^9.0.0":
  version: 9.0.1
  resolution: "uuid@npm:9.0.1"
  bin:
    uuid: dist/bin/uuid
  checksum: 10c0/1607dd32ac7fc22f2d8f77051e6a64845c9bce5cd3dd8aa0070c074ec73e666a1f63c7b4e0f4bf2bc8b9d59dc85a15e17807446d9d2b17c8485fbc2147b27f9b
  languageName: node
  linkType: hard
